
Microsoft Visual Studio Solution File, Format Version 12.00
# Visual Studio 15
VisualStudioVersion = 15.0.28010.2003
MinimumVisualStudioVersion = 10.0.40219.1
Project("{FAE04EC0-301F-11D3-BF4B-00C04F79EFBC}") = "DirectoryTreeSerialization", "DirectoryTreeSerialization\DirectoryTreeSerialization.csproj", "{5E87EAAF-12E0-4220-919C-BFB864ECA984}"
EndProject
Global
	GlobalSection(SolutionConfigurationPlatforms) = preSolution
		Debug|Any CPU = Debug|Any CPU
		Release|Any CPU = Release|Any CPU
	EndGlobalSection
	GlobalSection(ProjectConfigurationPlatforms) = postSolution
		{5E87EAAF-12E0-4220-919C-BFB864ECA984}.Debug|Any CPU.ActiveCfg = Debug|Any CPU
		{5E87EAAF-12E0-4220-919C-BFB864ECA984}.Debug|Any CPU.Build.0 = Debug|Any CPU
		{5E87EAAF-12E0-4220-919C-BFB864ECA984}.Release|Any CPU.ActiveCfg = Release|Any CPU
		{5E87EAAF-12E0-4220-919C-BFB864ECA984}.Release|Any CPU.Build.0 = Release|Any CPU
	EndGlobalSection
	GlobalSection(SolutionProperties) = preSolution
		HideSolutionNode = FALSE
	EndGlobalSection
	GlobalSection(ExtensibilityGlobals) = postSolution
		SolutionGuid = {41553996-306C-48EB-8AD3-9980E0AE86E2}
	EndGlobalSection
EndGlobal
